
Microsoft Visual Studio Solution File, Format Version 12.00
# Visual Studio 15
Project("{FAE04EC0-301F-11D3-BF4B-00C04F79EFBC}") = "PinkyBankingForms.Android", "PinkyBankingForms.Android\PinkyBankingForms.Android.csproj", "{CB3188CD-8E77-4513-B5F1-A536D7E2C845}"
EndProject
Project("{FAE04EC0-301F-11D3-BF4B-00C04F79EFBC}") = "PinkyBankingForms.iOS", "PinkyBankingForms.iOS\PinkyBankingForms.iOS.csproj", "{587EC98A-7179-4B90-865F-810F4975E34C}"
EndProject
Project("{FAE04EC0-301F-11D3-BF4B-00C04F79EFBC}") = "PinkyBankingForms", "PinkyBankingForms\PinkyBankingForms.csproj", "{FA2E89C1-846E-4FCC-A94F-B4EFAB17754C}"
EndProject
Global
	GlobalSection(SolutionConfigurationPlatforms) = preSolution
		Debug|Any CPU = Debug|Any CPU
		Release|Any CPU = Release|Any CPU
		Debug|iPhoneSimulator = Debug|iPhoneSimulator
		Release|iPhoneSimulator = Release|iPhoneSimulator
		Debug|iPhone = Debug|iPhone
		Release|iPhone = Release|iPhone
	EndGlobalSection
	GlobalSection(ProjectConfigurationPlatforms) = postSolution
		{CB3188CD-8E77-4513-B5F1-A536D7E2C845}.Debug|Any CPU.ActiveCfg = Debug|Any CPU
		{CB3188CD-8E77-4513-B5F1-A536D7E2C845}.Debug|Any CPU.Build.0 = Debug|Any CPU
		{CB3188CD-8E77-4513-B5F1-A536D7E2C845}.Release|Any CPU.ActiveCfg = Release|Any CPU
		{CB3188CD-8E77-4513-B5F1-A536D7E2C845}.Release|Any CPU.Build.0 = Release|Any CPU
		{CB3188CD-8E77-4513-B5F1-A536D7E2C845}.Debug|iPhoneSimulator.ActiveCfg = Debug|Any CPU
		{CB3188CD-8E77-4513-B5F1-A536D7E2C845}.Debug|iPhoneSimulator.Build.0 = Debug|Any CPU
		{CB3188CD-8E77-4513-B5F1-A536D7E2C845}.Release|iPhoneSimulator.ActiveCfg = Release|Any CPU
		{CB3188CD-8E77-4513-B5F1-A536D7E2C845}.Release|iPhoneSimulator.Build.0 = Release|Any CPU
		{CB3188CD-8E77-4513-B5F1-A536D7E2C845}.Debug|iPhone.ActiveCfg = Debug|Any CPU
		{CB3188CD-8E77-4513-B5F1-A536D7E2C845}.Debug|iPhone.Build.0 = Debug|Any CPU
		{CB3188CD-8E77-4513-B5F1-A536D7E2C845}.Release|iPhone.ActiveCfg = Release|Any CPU
		{CB3188CD-8E77-4513-B5F1-A536D7E2C845}.Release|iPhone.Build.0 = Release|Any CPU
		{587EC98A-7179-4B90-865F-810F4975E34C}.Debug|Any CPU.ActiveCfg = Debug|iPhoneSimulator
		{587EC98A-7179-4B90-865F-810F4975E34C}.Debug|Any CPU.Build.0 = Debug|iPhoneSimulator
		{587EC98A-7179-4B90-865F-810F4975E34C}.Release|Any CPU.ActiveCfg = Release|iPhoneSimulator
		{587EC98A-7179-4B90-865F-810F4975E34C}.Release|Any CPU.Build.0 = Release|iPhoneSimulator
		{587EC98A-7179-4B90-865F-810F4975E34C}.Debug|iPhoneSimulator.ActiveCfg = Debug|iPhoneSimulator
		{587EC98A-7179-4B90-865F-810F4975E34C}.Debug|iPhoneSimulator.Build.0 = Debug|iPhoneSimulator
		{587EC98A-7179-4B90-865F-810F4975E34C}.Release|iPhoneSimulator.ActiveCfg = Release|iPhoneSimulator
		{587EC98A-7179-4B90-865F-810F4975E34C}.Release|iPhoneSimulator.Build.0 = Release|iPhoneSimulator
		{587EC98A-7179-4B90-865F-810F4975E34C}.Debug|iPhone.ActiveCfg = Debug|iPhone
		{587EC98A-7179-4B90-865F-810F4975E34C}.Debug|iPhone.Build.0 = Debug|iPhone
		{587EC98A-7179-4B90-865F-810F4975E34C}.Release|iPhone.ActiveCfg = Release|iPhone
		{587EC98A-7179-4B90-865F-810F4975E34C}.Release|iPhone.Build.0 = Release|iPhone
		{FA2E89C1-846E-4FCC-A94F-B4EFAB17754C}.Debug|Any CPU.ActiveCfg = Debug|Any CPU
		{FA2E89C1-846E-4FCC-A94F-B4EFAB17754C}.Debug|Any CPU.Build.0 = Debug|Any CPU
		{FA2E89C1-846E-4FCC-A94F-B4EFAB17754C}.Release|Any CPU.ActiveCfg = Release|Any CPU
		{FA2E89C1-846E-4FCC-A94F-B4EFAB17754C}.Release|Any CPU.Build.0 = Release|Any CPU
		{FA2E89C1-846E-4FCC-A94F-B4EFAB17754C}.Debug|iPhoneSimulator.ActiveCfg = Debug|Any CPU
		{FA2E89C1-846E-4FCC-A94F-B4EFAB17754C}.Debug|iPhoneSimulator.Build.0 = Debug|Any CPU
		{FA2E89C1-846E-4FCC-A94F-B4EFAB17754C}.Release|iPhoneSimulator.ActiveCfg = Release|Any CPU
		{FA2E89C1-846E-4FCC-A94F-B4EFAB17754C}.Release|iPhoneSimulator.Build.0 = Release|Any CPU
		{FA2E89C1-846E-4FCC-A94F-B4EFAB17754C}.Debug|iPhone.ActiveCfg = Debug|Any CPU
		{FA2E89C1-846E-4FCC-A94F-B4EFAB17754C}.Debug|iPhone.Build.0 = Debug|Any CPU
		{FA2E89C1-846E-4FCC-A94F-B4EFAB17754C}.Release|iPhone.ActiveCfg = Release|Any CPU
		{FA2E89C1-846E-4FCC-A94F-B4EFAB17754C}.Release|iPhone.Build.0 = Release|Any CPU
	EndGlobalSection
EndGlobal
